<Solution>
  <Project Path="samples/Fluentkit.Sample.Maui/Fluentkit.Sample.Maui.csproj" />
  <Project Path="samples/FluentKit.Sample.Shared/FluentKit.Sample.Shared.csproj" />
  <Project Path="samples/FluentKit.Sample.Wasm/FluentKit.Sample.Wasm.csproj" />
  <Project Path="src/FluentKit/FluentKit.csproj" />
  <Project Path="src/FluentKit.IconGenerator/FluentKit.IconGenerator.csproj" />
</Solution>
